
Microsoft Visual Studio Solution File, Format Version 12.00
# Visual Studio Version 17
VisualStudioVersion = 17.4.33213.308
MinimumVisualStudioVersion = 10.0.40219.1
Project("{F184B08F-C81C-45F6-A57F-5ABD9991F28F}") = "laba1", "laba1\laba1.vbproj", "{540C73D3-16D4-4940-8E60-BFF4BF09E57D}"
EndProject
Global
	GlobalSection(SolutionConfigurationPlatforms) = preSolution
		Debug|Any CPU = Debug|Any CPU
		Release|Any CPU = Release|Any CPU
	EndGlobalSection
	GlobalSection(ProjectConfigurationPlatforms) = postSolution
		{540C73D3-16D4-4940-8E60-BFF4BF09E57D}.Debug|Any CPU.ActiveCfg = Debug|Any CPU
		{540C73D3-16D4-4940-8E60-BFF4BF09E57D}.Debug|Any CPU.Build.0 = Debug|Any CPU
		{540C73D3-16D4-4940-8E60-BFF4BF09E57D}.Release|Any CPU.ActiveCfg = Release|Any CPU
		{540C73D3-16D4-4940-8E60-BFF4BF09E57D}.Release|Any CPU.Build.0 = Release|Any CPU
	EndGlobalSection
	GlobalSection(SolutionProperties) = preSolution
		HideSolutionNode = FALSE
	EndGlobalSection
	GlobalSection(ExtensibilityGlobals) = postSolution
		SolutionGuid = {3942F528-D774-497B-AB48-99EEAE5044FB}
	EndGlobalSection
EndGlobal
