
Microsoft Visual Studio Solution File, Format Version 12.00
# Visual Studio Version 17
VisualStudioVersion = 17.4.33213.308
MinimumVisualStudioVersion = 10.0.40219.1
Project("{FAE04EC0-301F-11D3-BF4B-00C04F79EFBC}") = "ClassLibraryPassword", "ClassLibraryPassword\ClassLibraryPassword.csproj", "{15F35FE2-BF4A-443B-A67B-62417E83A3F3}"
EndProject
Project("{FAE04EC0-301F-11D3-BF4B-00C04F79EFBC}") = "ClassLibraryPasswordTests", "ClassLibraryPasswordTests\ClassLibraryPasswordTests.csproj", "{D30A56A0-C37D-4927-A775-83EF50471F77}"
EndProject
Global
	GlobalSection(SolutionConfigurationPlatforms) = preSolution
		Debug|Any CPU = Debug|Any CPU
		Release|Any CPU = Release|Any CPU
	EndGlobalSection
	GlobalSection(ProjectConfigurationPlatforms) = postSolution
		{15F35FE2-BF4A-443B-A67B-62417E83A3F3}.Debug|Any CPU.ActiveCfg = Debug|Any CPU
		{15F35FE2-BF4A-443B-A67B-62417E83A3F3}.Debug|Any CPU.Build.0 = Debug|Any CPU
		{15F35FE2-BF4A-443B-A67B-62417E83A3F3}.Release|Any CPU.ActiveCfg = Release|Any CPU
		{15F35FE2-BF4A-443B-A67B-62417E83A3F3}.Release|Any CPU.Build.0 = Release|Any CPU
		{D30A56A0-C37D-4927-A775-83EF50471F77}.Debug|Any CPU.ActiveCfg = Debug|Any CPU
		{D30A56A0-C37D-4927-A775-83EF50471F77}.Debug|Any CPU.Build.0 = Debug|Any CPU
		{D30A56A0-C37D-4927-A775-83EF50471F77}.Release|Any CPU.ActiveCfg = Release|Any CPU
		{D30A56A0-C37D-4927-A775-83EF50471F77}.Release|Any CPU.Build.0 = Release|Any CPU
	EndGlobalSection
	GlobalSection(SolutionProperties) = preSolution
		HideSolutionNode = FALSE
	EndGlobalSection
	GlobalSection(ExtensibilityGlobals) = postSolution
		SolutionGuid = {08C43563-49B4-444A-BBA1-D1CC7A0A2D56}
	EndGlobalSection
EndGlobal
