
Microsoft Visual Studio Solution File, Format Version 12.00
# Visual Studio Version 17
VisualStudioVersion = 17.4.33213.308
MinimumVisualStudioVersion = 10.0.40219.1
Project("{FAE04EC0-301F-11D3-BF4B-00C04F79EFBC}") = "ClassLibraryPassword", "ClassLibraryPassword\ClassLibraryPassword.csproj", "{5BF7FA8E-6920-4D8D-A9F5-E25117C955AA}"
EndProject
Global
	GlobalSection(SolutionConfigurationPlatforms) = preSolution
		Debug|Any CPU = Debug|Any CPU
		Release|Any CPU = Release|Any CPU
	EndGlobalSection
	GlobalSection(ProjectConfigurationPlatforms) = postSolution
		{5BF7FA8E-6920-4D8D-A9F5-E25117C955AA}.Debug|Any CPU.ActiveCfg = Debug|Any CPU
		{5BF7FA8E-6920-4D8D-A9F5-E25117C955AA}.Debug|Any CPU.Build.0 = Debug|Any CPU
		{5BF7FA8E-6920-4D8D-A9F5-E25117C955AA}.Release|Any CPU.ActiveCfg = Release|Any CPU
		{5BF7FA8E-6920-4D8D-A9F5-E25117C955AA}.Release|Any CPU.Build.0 = Release|Any CPU
	EndGlobalSection
	GlobalSection(SolutionProperties) = preSolution
		HideSolutionNode = FALSE
	EndGlobalSection
	GlobalSection(ExtensibilityGlobals) = postSolution
		SolutionGuid = {C5992261-C003-40BD-A802-3A70FAA4DA4D}
	EndGlobalSection
EndGlobal
