
Microsoft Visual Studio Solution File, Format Version 12.00
# Visual Studio Version 17
VisualStudioVersion = 17.4.33213.308
MinimumVisualStudioVersion = 10.0.40219.1
Project("{FAE04EC0-301F-11D3-BF4B-00C04F79EFBC}") = "RoomLibrary", "RoomLibrary\RoomLibrary.csproj", "{412AA337-6772-41B4-A452-1F4D3E9528C3}"
EndProject
Global
	GlobalSection(SolutionConfigurationPlatforms) = preSolution
		Debug|Any CPU = Debug|Any CPU
		Release|Any CPU = Release|Any CPU
	EndGlobalSection
	GlobalSection(ProjectConfigurationPlatforms) = postSolution
		{412AA337-6772-41B4-A452-1F4D3E9528C3}.Debug|Any CPU.ActiveCfg = Debug|Any CPU
		{412AA337-6772-41B4-A452-1F4D3E9528C3}.Debug|Any CPU.Build.0 = Debug|Any CPU
		{412AA337-6772-41B4-A452-1F4D3E9528C3}.Release|Any CPU.ActiveCfg = Release|Any CPU
		{412AA337-6772-41B4-A452-1F4D3E9528C3}.Release|Any CPU.Build.0 = Release|Any CPU
	EndGlobalSection
	GlobalSection(SolutionProperties) = preSolution
		HideSolutionNode = FALSE
	EndGlobalSection
	GlobalSection(ExtensibilityGlobals) = postSolution
		SolutionGuid = {0DE5001F-4918-4C8B-A831-B3C2848951DA}
	EndGlobalSection
EndGlobal
