
Microsoft Visual Studio Solution File, Format Version 12.00
# Visual Studio Version 17
VisualStudioVersion = 17.4.33213.308
MinimumVisualStudioVersion = 10.0.40219.1
Project("{FAE04EC0-301F-11D3-BF4B-00C04F79EFBC}") = "ClassLibraryPassword1", "ClassLibraryPassword1\ClassLibraryPassword1.csproj", "{2A9DF9BF-DF4C-43AC-A9F9-E3A404780B3D}"
EndProject
Project("{FAE04EC0-301F-11D3-BF4B-00C04F79EFBC}") = "ClassLibraryPassword1Tests", "ClassLibraryPassword1Tests\ClassLibraryPassword1Tests.csproj", "{355281A9-6E68-4CFE-BC3E-7415B895D36B}"
EndProject
Global
	GlobalSection(SolutionConfigurationPlatforms) = preSolution
		Debug|Any CPU = Debug|Any CPU
		Release|Any CPU = Release|Any CPU
	EndGlobalSection
	GlobalSection(ProjectConfigurationPlatforms) = postSolution
		{2A9DF9BF-DF4C-43AC-A9F9-E3A404780B3D}.Debug|Any CPU.ActiveCfg = Debug|Any CPU
		{2A9DF9BF-DF4C-43AC-A9F9-E3A404780B3D}.Debug|Any CPU.Build.0 = Debug|Any CPU
		{2A9DF9BF-DF4C-43AC-A9F9-E3A404780B3D}.Release|Any CPU.ActiveCfg = Release|Any CPU
		{2A9DF9BF-DF4C-43AC-A9F9-E3A404780B3D}.Release|Any CPU.Build.0 = Release|Any CPU
		{355281A9-6E68-4CFE-BC3E-7415B895D36B}.Debug|Any CPU.ActiveCfg = Debug|Any CPU
		{355281A9-6E68-4CFE-BC3E-7415B895D36B}.Debug|Any CPU.Build.0 = Debug|Any CPU
		{355281A9-6E68-4CFE-BC3E-7415B895D36B}.Release|Any CPU.ActiveCfg = Release|Any CPU
		{355281A9-6E68-4CFE-BC3E-7415B895D36B}.Release|Any CPU.Build.0 = Release|Any CPU
	EndGlobalSection
	GlobalSection(SolutionProperties) = preSolution
		HideSolutionNode = FALSE
	EndGlobalSection
	GlobalSection(ExtensibilityGlobals) = postSolution
		SolutionGuid = {BFD61AB7-E3A0-4CDE-BD14-A1405BC5A863}
	EndGlobalSection
EndGlobal
